<?xml version="1.0" encoding="utf-8"?>
<Project ToolsVersion="4.0" xmlns="http://schemas.microsoft.com/developer/msbuild/2003">
  <ItemGroup>
    <Filter Include="源文件">
      <UniqueIdentifier>{4FC737F1-C7A5-4376-A066-2A32D752A2FF}</UniqueIdentifier>
      <Extensions>cpp;c;cc;cxx;def;odl;idl;hpj;bat;asm;asmx</Extensions>
    </Filter>
    <Filter Include="头文件">
      <UniqueIdentifier>{93995380-89BD-4b04-88EB-625FBE52EBFB}</UniqueIdentifier>
      <Extensions>h;hh;hpp;hxx;hm;inl;inc;ipp;xsd</Extensions>
    </Filter>
    <Filter Include="资源文件">
      <UniqueIdentifier>{67DA6AB6-F800-4c08-8B7A-83BB121AAD01}</UniqueIdentifier>
      <Extensions>rc;ico;cur;bmp;dlg;rc2;rct;bin;rgs;gif;jpg;jpeg;jpe;resx;tiff;tif;png;wav;mfcribbon-ms</Extensions>
    </Filter>
    <Filter Include="源文件\1">
      <UniqueIdentifier>{8b0060e8-137f-47b3-8877-fe667c832d80}</UniqueIdentifier>
    </Filter>
    <Filter Include="源文件\util">
      <UniqueIdentifier>{11eda6a1-336c-4753-af59-24fc1280f407}</UniqueIdentifier>
    </Filter>
    <Filter Include="源文件\2">
      <UniqueIdentifier>{f21f5afb-02e8-4a83-8174-86b7418aa525}</UniqueIdentifier>
    </Filter>
  </ItemGroup>
  <ItemGroup>
    <ClCompile Include="158A.cpp">
      <Filter>源文件\1</Filter>
    </ClCompile>
    <ClCompile Include="1A.cpp">
      <Filter>源文件\1</Filter>
    </ClCompile>
    <ClCompile Include="4A.cpp">
      <Filter>源文件\1</Filter>
    </ClCompile>
    <ClCompile Include="71A.cpp">
      <Filter>源文件\1</Filter>
    </ClCompile>
    <ClCompile Include="118A.cpp">
      <Filter>源文件\1</Filter>
    </ClCompile>
    <ClCompile Include="231A.cpp">
      <Filter>源文件\1</Filter>
    </ClCompile>
    <ClCompile Include="50A.cpp">
      <Filter>源文件\1</Filter>
    </ClCompile>
    <ClCompile Include="282A.cpp">
      <Filter>源文件\1</Filter>
    </ClCompile>
    <ClCompile Include="112A.cpp">
      <Filter>源文件\1</Filter>
    </ClCompile>
    <ClCompile Include="96A.cpp">
      <Filter>源文件\1</Filter>
    </ClCompile>
    <ClCompile Include="339A.cpp">
      <Filter>源文件\1</Filter>
    </ClCompile>
    <ClCompile Include="281A.cpp">
      <Filter>源文件\1</Filter>
    </ClCompile>
    <ClCompile Include="util.cpp">
      <Filter>源文件\util</Filter>
    </ClCompile>
    <ClCompile Include="263A.cpp">
      <Filter>源文件\1</Filter>
    </ClCompile>
    <ClCompile Include="266A.cpp">
      <Filter>源文件\1</Filter>
    </ClCompile>
    <ClCompile Include="236A.cpp">
      <Filter>源文件\1</Filter>
    </ClCompile>
    <ClCompile Include="116A.cpp">
      <Filter>源文件\1</Filter>
    </ClCompile>
    <ClCompile Include="158B.cpp">
      <Filter>源文件\1</Filter>
    </ClCompile>
    <ClCompile Include="58B.cpp">
      <Filter>源文件\1</Filter>
    </ClCompile>
    <ClCompile Include="122A.cpp">
      <Filter>源文件\1</Filter>
    </ClCompile>
    <ClCompile Include="69A.cpp">
      <Filter>源文件\1</Filter>
    </ClCompile>
    <ClCompile Include="temp.cpp">
      <Filter>源文件\util</Filter>
    </ClCompile>
    <ClCompile Include="546A.cpp">
      <Filter>源文件\1</Filter>
    </ClCompile>
    <ClCompile Include="160A.cpp">
      <Filter>源文件\1</Filter>
    </ClCompile>
    <ClCompile Include="133A.cpp">
      <Filter>源文件\1</Filter>
    </ClCompile>
    <ClCompile Include="131A.cpp">
      <Filter>源文件\1</Filter>
    </ClCompile>
    <ClCompile Include="467A.cpp">
      <Filter>源文件\1</Filter>
    </ClCompile>
    <ClCompile Include="266B.cpp">
      <Filter>源文件\1</Filter>
    </ClCompile>
    <ClCompile Include="110A.cpp">
      <Filter>源文件\1</Filter>
    </ClCompile>
    <ClCompile Include="41A.cpp">
      <Filter>源文件\1</Filter>
    </ClCompile>
    <ClCompile Include="271A.cpp">
      <Filter>源文件\1</Filter>
    </ClCompile>
    <ClCompile Include="580A.cpp">
      <Filter>源文件\1</Filter>
    </ClCompile>
    <ClCompile Include="617A.cpp">
      <Filter>源文件\1</Filter>
    </ClCompile>
    <ClCompile Include="479A.cpp">
      <Filter>源文件\1</Filter>
    </ClCompile>
    <ClCompile Include="136A.cpp">
      <Filter>源文件\1</Filter>
    </ClCompile>
    <ClCompile Include="337A.cpp">
      <Filter>源文件\1</Filter>
    </ClCompile>
    <ClCompile Include="59A.cpp">
      <Filter>源文件\1</Filter>
    </ClCompile>
    <ClCompile Include="486A.cpp">
      <Filter>源文件\1</Filter>
    </ClCompile>
    <ClCompile Include="148A.cpp">
      <Filter>源文件\1</Filter>
    </ClCompile>
    <ClCompile Include="318A.cpp">
      <Filter>源文件\1</Filter>
    </ClCompile>
    <ClCompile Include="208A.cpp">
      <Filter>源文件\1</Filter>
    </ClCompile>
    <ClCompile Include="734A.cpp">
      <Filter>源文件\1</Filter>
    </ClCompile>
    <ClCompile Include="344A.cpp">
      <Filter>源文件\1</Filter>
    </ClCompile>
    <ClCompile Include="677A.cpp">
      <Filter>源文件\1</Filter>
    </ClCompile>
    <ClCompile Include="405A.cpp">
      <Filter>源文件\1</Filter>
    </ClCompile>
    <ClCompile Include="61A.cpp">
      <Filter>源文件\1</Filter>
    </ClCompile>
    <ClCompile Include="469A.cpp">
      <Filter>源文件\1</Filter>
    </ClCompile>
    <ClCompile Include="791A.cpp">
      <Filter>源文件\1</Filter>
    </ClCompile>
    <ClCompile Include="144A.cpp">
      <Filter>源文件\1</Filter>
    </ClCompile>
    <ClCompile Include="451A.cpp">
      <Filter>源文件\1</Filter>
    </ClCompile>
    <ClCompile Include="455A.cpp">
      <Filter>源文件\2</Filter>
    </ClCompile>
    <ClCompile Include="4C.cpp">
      <Filter>源文件\2</Filter>
    </ClCompile>
    <ClCompile Include="189A.cpp">
      <Filter>源文件\2</Filter>
    </ClCompile>
    <ClCompile Include="489C.cpp">
      <Filter>源文件\2</Filter>
    </ClCompile>
    <ClCompile Include="489B.cpp">
      <Filter>源文件\2</Filter>
    </ClCompile>
  </ItemGroup>
  <ItemGroup>
    <ClInclude Include="class.h">
      <Filter>头文件</Filter>
    </ClInclude>
    <ClInclude Include="util.h">
      <Filter>头文件</Filter>
    </ClInclude>
  </ItemGroup>
</Project>